
Microsoft Visual Studio Solution File, Format Version 12.00
# Visual Studio 15
VisualStudioVersion = 15.0.26403.7
MinimumVisualStudioVersion = 10.0.40219.1
Project("{FAE04EC0-301F-11D3-BF4B-00C04F79EFBC}") = "Heroes", "Heroes\Heroes.csproj", "{9CE401C1-1E2D-46EC-8717-6C1E99DA073A}"
EndProject
Project("{2150E333-8FDC-42A3-9474-1A3956D46DE8}") = "Solution Items", "Solution Items", "{3B84DBD3-32EF-41A5-B2B7-434944CFF9ED}"
	ProjectSection(SolutionItems) = preProject
		.editorconfig = .editorconfig
	EndProjectSection
EndProject
Global
	GlobalSection(SolutionConfigurationPlatforms) = preSolution
		Debug|Any CPU = Debug|Any CPU
		Release|Any CPU = Release|Any CPU
	EndGlobalSection
	GlobalSection(ProjectConfigurationPlatforms) = postSolution
		{9CE401C1-1E2D-46EC-8717-6C1E99DA073A}.Debug|Any CPU.ActiveCfg = Debug|Any CPU
		{9CE401C1-1E2D-46EC-8717-6C1E99DA073A}.Debug|Any CPU.Build.0 = Debug|Any CPU
		{9CE401C1-1E2D-46EC-8717-6C1E99DA073A}.Release|Any CPU.ActiveCfg = Release|Any CPU
		{9CE401C1-1E2D-46EC-8717-6C1E99DA073A}.Release|Any CPU.Build.0 = Release|Any CPU
	EndGlobalSection
	GlobalSection(SolutionProperties) = preSolution
		HideSolutionNode = FALSE
	EndGlobalSection
EndGlobal
